
Microsoft Visual Studio Solution File, Format Version 12.00
# Visual Studio 15
VisualStudioVersion = 15.0.28307.136
MinimumVisualStudioVersion = 10.0.40219.1
Project("{FAE04EC0-301F-11D3-BF4B-00C04F79EFBC}") = "Cofin_Suporte", "Cofin_Suporte\Cofin_Suporte.csproj", "{20BCAA67-983B-41F5-AC29-F39768BCE7B2}"
EndProject
Global
	GlobalSection(SolutionConfigurationPlatforms) = preSolution
		Debug|Any CPU = Debug|Any CPU
		Release|Any CPU = Release|Any CPU
	EndGlobalSection
	GlobalSection(ProjectConfigurationPlatforms) = postSolution
		{20BCAA67-983B-41F5-AC29-F39768BCE7B2}.Debug|Any CPU.ActiveCfg = Debug|Any CPU
		{20BCAA67-983B-41F5-AC29-F39768BCE7B2}.Debug|Any CPU.Build.0 = Debug|Any CPU
		{20BCAA67-983B-41F5-AC29-F39768BCE7B2}.Release|Any CPU.ActiveCfg = Release|Any CPU
		{20BCAA67-983B-41F5-AC29-F39768BCE7B2}.Release|Any CPU.Build.0 = Release|Any CPU
	EndGlobalSection
	GlobalSection(SolutionProperties) = preSolution
		HideSolutionNode = FALSE
	EndGlobalSection
	GlobalSection(ExtensibilityGlobals) = postSolution
		SolutionGuid = {63C642D8-6861-4B35-81CC-1B31D15D119C}
	EndGlobalSection
EndGlobal
